
Microsoft Visual Studio Solution File, Format Version 12.00
# Visual Studio Version 16
VisualStudioVersion = 16.0.30907.101
MinimumVisualStudioVersion = 10.0.40219.1
Project("{FAE04EC0-301F-11D3-BF4B-00C04F79EFBC}") = "ChequeWritingSystem", "ChequeWritingSystem\ChequeWritingSystem.csproj", "{10B8BED0-7152-41BB-8C0A-61A1241F283D}"
EndProject
Global
	GlobalSection(SolutionConfigurationPlatforms) = preSolution
		Debug|Any CPU = Debug|Any CPU
		Release|Any CPU = Release|Any CPU
	EndGlobalSection
	GlobalSection(ProjectConfigurationPlatforms) = postSolution
		{10B8BED0-7152-41BB-8C0A-61A1241F283D}.Debug|Any CPU.ActiveCfg = Debug|Any CPU
		{10B8BED0-7152-41BB-8C0A-61A1241F283D}.Debug|Any CPU.Build.0 = Debug|Any CPU
		{10B8BED0-7152-41BB-8C0A-61A1241F283D}.Release|Any CPU.ActiveCfg = Release|Any CPU
		{10B8BED0-7152-41BB-8C0A-61A1241F283D}.Release|Any CPU.Build.0 = Release|Any CPU
	EndGlobalSection
	GlobalSection(SolutionProperties) = preSolution
		HideSolutionNode = FALSE
	EndGlobalSection
	GlobalSection(ExtensibilityGlobals) = postSolution
		SolutionGuid = {DE40043B-D38B-4E8D-B675-B3B8C98B22A2}
	EndGlobalSection
EndGlobal
