
Microsoft Visual Studio Solution File, Format Version 12.00
# Visual Studio Version 16
VisualStudioVersion = 16.0.30907.101
MinimumVisualStudioVersion = 10.0.40219.1
Project("{FAE04EC0-301F-11D3-BF4B-00C04F79EFBC}") = "ConvertNumbersIntoWords", "ConvertNumbersIntoWords\ConvertNumbersIntoWords.csproj", "{C952BE90-23CE-46A4-950E-B1D7462EC059}"
EndProject
Global
	GlobalSection(SolutionConfigurationPlatforms) = preSolution
		Debug|Any CPU = Debug|Any CPU
		Release|Any CPU = Release|Any CPU
	EndGlobalSection
	GlobalSection(ProjectConfigurationPlatforms) = postSolution
		{C952BE90-23CE-46A4-950E-B1D7462EC059}.Debug|Any CPU.ActiveCfg = Debug|Any CPU
		{C952BE90-23CE-46A4-950E-B1D7462EC059}.Debug|Any CPU.Build.0 = Debug|Any CPU
		{C952BE90-23CE-46A4-950E-B1D7462EC059}.Release|Any CPU.ActiveCfg = Release|Any CPU
		{C952BE90-23CE-46A4-950E-B1D7462EC059}.Release|Any CPU.Build.0 = Release|Any CPU
	EndGlobalSection
	GlobalSection(SolutionProperties) = preSolution
		HideSolutionNode = FALSE
	EndGlobalSection
	GlobalSection(ExtensibilityGlobals) = postSolution
		SolutionGuid = {922C43D4-6375-4CA6-B91C-C92D00BFC0A6}
	EndGlobalSection
EndGlobal
